
Microsoft Visual Studio Solution File, Format Version 12.00
# Visual Studio 15
VisualStudioVersion = 15.0.27428.2037
MinimumVisualStudioVersion = 10.0.40219.1
Project("{FAE04EC0-301F-11D3-BF4B-00C04F79EFBC}") = "Tasks", "Tasks\Tasks.csproj", "{A9B49F2D-6EBA-406B-A211-09FDBCE0B07A}"
EndProject
Project("{FAE04EC0-301F-11D3-BF4B-00C04F79EFBC}") = "TaskApi.Tests", "TaskApi.Tests\TaskApi.Tests.csproj", "{368D6514-B7CF-415D-B4C3-D57AF2A4E18E}"
EndProject
Global
	GlobalSection(SolutionConfigurationPlatforms) = preSolution
		Debug|Any CPU = Debug|Any CPU
		Release|Any CPU = Release|Any CPU
	EndGlobalSection
	GlobalSection(ProjectConfigurationPlatforms) = postSolution
		{A9B49F2D-6EBA-406B-A211-09FDBCE0B07A}.Debug|Any CPU.ActiveCfg = Debug|Any CPU
		{A9B49F2D-6EBA-406B-A211-09FDBCE0B07A}.Debug|Any CPU.Build.0 = Debug|Any CPU
		{A9B49F2D-6EBA-406B-A211-09FDBCE0B07A}.Release|Any CPU.ActiveCfg = Release|Any CPU
		{A9B49F2D-6EBA-406B-A211-09FDBCE0B07A}.Release|Any CPU.Build.0 = Release|Any CPU
		{368D6514-B7CF-415D-B4C3-D57AF2A4E18E}.Debug|Any CPU.ActiveCfg = Debug|Any CPU
		{368D6514-B7CF-415D-B4C3-D57AF2A4E18E}.Debug|Any CPU.Build.0 = Debug|Any CPU
		{368D6514-B7CF-415D-B4C3-D57AF2A4E18E}.Release|Any CPU.ActiveCfg = Release|Any CPU
		{368D6514-B7CF-415D-B4C3-D57AF2A4E18E}.Release|Any CPU.Build.0 = Release|Any CPU
	EndGlobalSection
	GlobalSection(SolutionProperties) = preSolution
		HideSolutionNode = FALSE
	EndGlobalSection
	GlobalSection(ExtensibilityGlobals) = postSolution
		SolutionGuid = {81CE766A-6319-46E2-B66E-9FF11501D83B}
	EndGlobalSection
EndGlobal
